
Microsoft Visual Studio Solution File, Format Version 12.00
# Visual Studio Version 16
VisualStudioVersion = 16.0.30204.135
MinimumVisualStudioVersion = 10.0.40219.1
Project("{FAE04EC0-301F-11D3-BF4B-00C04F79EFBC}") = "Ded.Net.Main", "Ded.Net.Main\Ded.Net.Main.csproj", "{B05CAA68-EADF-4693-BAD7-FC8C428C4166}"
EndProject
Project("{FAE04EC0-301F-11D3-BF4B-00C04F79EFBC}") = "Ded.Net.Editor", "Ded.Net.Editor\Ded.Net.Editor.csproj", "{2969D6B7-C87E-4B4A-97BB-7860EE1F5769}"
EndProject
Global
	GlobalSection(SolutionConfigurationPlatforms) = preSolution
		Debug|Any CPU = Debug|Any CPU
		Release|Any CPU = Release|Any CPU
	EndGlobalSection
	GlobalSection(ProjectConfigurationPlatforms) = postSolution
		{B05CAA68-EADF-4693-BAD7-FC8C428C4166}.Debug|Any CPU.ActiveCfg = Debug|Any CPU
		{B05CAA68-EADF-4693-BAD7-FC8C428C4166}.Debug|Any CPU.Build.0 = Debug|Any CPU
		{B05CAA68-EADF-4693-BAD7-FC8C428C4166}.Release|Any CPU.ActiveCfg = Release|Any CPU
		{B05CAA68-EADF-4693-BAD7-FC8C428C4166}.Release|Any CPU.Build.0 = Release|Any CPU
		{2969D6B7-C87E-4B4A-97BB-7860EE1F5769}.Debug|Any CPU.ActiveCfg = Debug|Any CPU
		{2969D6B7-C87E-4B4A-97BB-7860EE1F5769}.Debug|Any CPU.Build.0 = Debug|Any CPU
		{2969D6B7-C87E-4B4A-97BB-7860EE1F5769}.Release|Any CPU.ActiveCfg = Release|Any CPU
		{2969D6B7-C87E-4B4A-97BB-7860EE1F5769}.Release|Any CPU.Build.0 = Release|Any CPU
	EndGlobalSection
	GlobalSection(SolutionProperties) = preSolution
		HideSolutionNode = FALSE
	EndGlobalSection
	GlobalSection(ExtensibilityGlobals) = postSolution
		SolutionGuid = {CF724999-1971-49DE-B08B-8845DFE4D440}
	EndGlobalSection
EndGlobal
